// !$*UTF8*$!
{
	archiveVersion = 1;
	classes = {
	};
	objectVersion = 46;
	objects = {

/* Begin PBXBuildFile section */
		8EDD848A1A54561000F6A79D /* AppDelegate.swift in Sources */ = {isa = PBXBuildFile; fileRef = 8EDD84891A54561000F6A79D /* AppDelegate.swift */; };
		8EDD848C1A54561000F6A79D /* ViewController.swift in Sources */ = {isa = PBXBuildFile; fileRef = 8EDD848B1A54561000F6A79D /* ViewController.swift */; };
		8EDD848F1A54561000F6A79D /* Main.storyboard in Resources */ = {isa = PBXBuildFile; fileRef = 8EDD848D1A54561000F6A79D /* Main.storyboard */; };
		8EDD84911A54561100F6A79D /* Images.xcassets in Resources */ = {isa = PBXBuildFile; fileRef = 8EDD84901A54561100F6A79D /* Images.xcassets */; };
		8EDD84941A54561100F6A79D /* LaunchScreen.xib in Resources */ = {isa = PBXBuildFile; fileRef = 8EDD84921A54561100F6A79D /* LaunchScreen.xib */; };
		8EDD84A01A54561100F6A79D /* MyWeather_AppTests.swift in Sources */ = {isa = PBXBuildFile; fileRef = 8EDD849F1A54561100F6A79D /* MyWeather_AppTests.swift */; };
		8EDD84AA1A5456A100F6A79D /* background.png in Resources */ = {isa = PBXBuildFile; fileRef = 8EDD84A91A5456A100F6A79D /* background.png */; };
/* End PBXBuildFile section */

/* Begin PBXContainerItemProxy section */
		8EDD849A1A54561100F6A79D /* PBXContainerItemProxy */ = {
			isa = PBXContainerItemProxy;
			containerPortal = 8EDD847C1A54561000F6A79D /* Project object */;
			proxyType = 1;
			remoteGlobalIDString = 8EDD84831A54561000F6A79D;
			remoteInfo = "MyWeather App";
		};
/* End PBXContainerItemProxy section */

/* Begin PBXFileReference section */
		8EDD84841A54561000F6A79D /* MyWeather App.app */ = {isa = PBXFileReference; explicitFileType = wrapper.application; includeInIndex = 0; path = "MyWeather App.app"; sourceTree = BUILT_PRODUCTS_DIR; };
		8EDD84881A54561000F6A79D /* Info.plist */ = {isa = PBXFileReference; lastKnownFileType = text.plist.xml; path = Info.plist; sourceTree = "<group>"; };
		8EDD84891A54561000F6A79D /* AppDelegate.swift */ = {isa = PBXFileReference; lastKnownFileType = sourcecode.swift; path = AppDelegate.swift; sourceTree = "<group>"; };
		8EDD848B1A54561000F6A79D /* ViewController.swift */ = {isa = PBXFileReference; lastKnownFileType = sourcecode.swift; path = ViewController.swift; sourceTree = "<group>"; };
		8EDD848E1A54561000F6A79D /* Base */ = {isa = PBXFileReference; lastKnownFileType = file.storyboard; name = Base; path = Base.lproj/Main.storyboard; sourceTree = "<group>"; };
		8EDD84901A54561100F6A79D /* Images.xcassets */ = {isa = PBXFileReference; lastKnownFileType = folder.assetcatalog; path = Images.xcassets; sourceTree = "<group>"; };
		8EDD84931A54561100F6A79D /* Base */ = {isa = PBXFileReference; lastKnownFileType = file.xib; name = Base; path = Base.lproj/LaunchScreen.xib; sourceTree = "<group>"; };
		8EDD84991A54561100F6A79D /* MyWeather AppTests.xctest */ = {isa = PBXFileReference; explicitFileType = wrapper.cfbundle; includeInIndex = 0; path = "MyWeather AppTests.xctest"; sourceTree = BUILT_PRODUCTS_DIR; };
		8EDD849E1A54561100F6A79D /* Info.plist */ = {isa = PBXFileReference; lastKnownFileType = text.plist.xml; path = Info.plist; sourceTree = "<group>"; };
		8EDD849F1A54561100F6A79D /* MyWeather_AppTests.swift */ = {isa = PBXFileReference; lastKnownFileType = sourcecode.swift; path = MyWeather_AppTests.swift; sourceTree = "<group>"; };
		8EDD84A91A5456A100F6A79D /* background.png */ = {isa = PBXFileReference; lastKnownFileType = image.png; path = background.png; sourceTree = "<group>"; };
/* End PBXFileReference section */

/* Begin PBXFrameworksBuildPhase section */
		8EDD84811A54561000F6A79D /* Frameworks */ = {
			isa = PBXFrameworksBuildPhase;
			buildActionMask = 2147483647;
			files = (
			);
			runOnlyForDeploymentPostprocessing = 0;
		};
		8EDD84961A54561100F6A79D /* Frameworks */ = {
			isa = PBXFrameworksBuildPhase;
			buildActionMask = 2147483647;
			files = (
			);
			runOnlyForDeploymentPostprocessing = 0;
		};
/* End PBXFrameworksBuildPhase section */

/* Begin PBXGroup section */
		8EDD847B1A54561000F6A79D = {
			isa = PBXGroup;
			children = (
				8EDD84861A54561000F6A79D /* MyWeather App */,
				8EDD849C1A54561100F6A79D /* MyWeather AppTests */,
				8EDD84851A54561000F6A79D /* Products */,
			);
			sourceTree = "<group>";
		};
		8EDD84851A54561000F6A79D /* Products */ = {
			isa = PBXGroup;
			children = (
				8EDD84841A54561000F6A79D /* MyWeather App.app */,
				8EDD84991A54561100F6A79D /* MyWeather AppTests.xctest */,
			);
			name = Products;
			sourceTree = "<group>";
		};
		8EDD84861A54561000F6A79D /* MyWeather App */ = {
			isa = PBXGroup;
			children = (
				8EDD84891A54561000F6A79D /* AppDelegate.swift */,
				8EDD848B1A54561000F6A79D /* ViewController.swift */,
				8EDD848D1A54561000F6A79D /* Main.storyboard */,
				8EDD84A91A5456A100F6A79D /* background.png */,
				8EDD84901A54561100F6A79D /* Images.xcassets */,
				8EDD84921A54561100F6A79D /* LaunchScreen.xib */,
				8EDD84871A54561000F6A79D /* Supporting Files */,
			);
			path = "MyWeather App";
			sourceTree = "<group>";
		};
		8EDD84871A54561000F6A79D /* Supporting Files */ = {
			isa = PBXGroup;
			children = (
				8EDD84881A54561000F6A79D /* Info.plist */,
			);
			name = "Supporting Files";
			sourceTree = "<group>";
		};
		8EDD849C1A54561100F6A79D /* MyWeather AppTests */ = {
			isa = PBXGroup;
			children = (
				8EDD849F1A54561100F6A79D /* MyWeather_AppTests.swift */,
				8EDD849D1A54561100F6A79D /* Supporting Files */,
			);
			path = "MyWeather AppTests";
			sourceTree = "<group>";
		};
		8EDD849D1A54561100F6A79D /* Supporting Files */ = {
			isa = PBXGroup;
			children = (
				8EDD849E1A54561100F6A79D /* Info.plist */,
			);
			name = "Supporting Files";
			sourceTree = "<group>";
		};
/* End PBXGroup section */

/* Begin PBXNativeTarget section */
		8EDD84831A54561000F6A79D /* MyWeather App */ = {
			isa = PBXNativeTarget;
			buildConfigurationList = 8EDD84A31A54561100F6A79D /* Build configuration list for PBXNativeTarget "MyWeather App" */;
			buildPhases = (
				8EDD84801A54561000F6A79D /* Sources */,
				8EDD84811A54561000F6A79D /* Frameworks */,
				8EDD84821A54561000F6A79D /* Resources */,
			);
			buildRules = (
			);
			dependencies = (
			);
			name = "MyWeather App";
			productName = "MyWeather App";
			productReference = 8EDD84841A54561000F6A79D /* MyWeather App.app */;
			productType = "com.apple.product-type.application";
		};
		8EDD84981A54561100F6A79D /* MyWeather AppTests */ = {
			isa = PBXNativeTarget;
			buildConfigurationList = 8EDD84A61A54561100F6A79D /* Build configuration list for PBXNativeTarget "MyWeather AppTests" */;
			buildPhases = (
				8EDD84951A54561100F6A79D /* Sources */,
				8EDD84961A54561100F6A79D /* Frameworks */,
				8EDD84971A54561100F6A79D /* Resources */,
			);
			buildRules = (
			);
			dependencies = (
				8EDD849B1A54561100F6A79D /* PBXTargetDependency */,
			);
			name = "MyWeather AppTests";
			productName = "MyWeather AppTests";
			productReference = 8EDD84991A54561100F6A79D /* MyWeather AppTests.xctest */;
			productType = "com.apple.product-type.bundle.unit-test";
		};
/* End PBXNativeTarget section */

/* Begin PBXProject section */
		8EDD847C1A54561000F6A79D /* Project object */ = {
			isa = PBXProject;
			attributes = {
				LastUpgradeCheck = 0610;
				ORGANIZATIONNAME = "Martin Dureja";
				TargetAttributes = {
					8EDD84831A54561000F6A79D = {
						CreatedOnToolsVersion = 6.1.1;
					};
					8EDD84981A54561100F6A79D = {
						CreatedOnToolsVersion = 6.1.1;
						TestTargetID = 8EDD84831A54561000F6A79D;
					};
				};
			};
			buildConfigurationList = 8EDD847F1A54561000F6A79D /* Build configuration list for PBXProject "MyWeather App" */;
			compatibilityVersion = "Xcode 3.2";
			developmentRegion = English;
			hasScannedForEncodings = 0;
			knownRegions = (
				en,
				Base,
			);
			mainGroup = 8EDD847B1A54561000F6A79D;
			productRefGroup = 8EDD84851A54561000F6A79D /* Products */;
			projectDirPath = "";
			projectRoot = "";
			targets = (
				8EDD84831A54561000F6A79D /* MyWeather App */,
				8EDD84981A54561100F6A79D /* MyWeather AppTests */,
			);
		};
/* End PBXProject section */

/* Begin PBXResourcesBuildPhase section */
		8EDD84821A54561000F6A79D /* Resources */ = {
			isa = PBXResourcesBuildPhase;
			buildActionMask = 2147483647;
			files = (
				8EDD848F1A54561000F6A79D /* Main.storyboard in Resources */,
				8EDD84AA1A5456A100F6A79D /* background.png in Resources */,
				8EDD84941A54561100F6A79D /* LaunchScreen.xib in Resources */,
				8EDD84911A54561100F6A79D /* Images.xcassets in Resources */,
			);
			runOnlyForDeploymentPostprocessing = 0;
		};
		8EDD84971A54561100F6A79D /* Resources */ = {
			isa = PBXResourcesBuildPhase;
			buildActionMask = 2147483647;
			files = (
			);
			runOnlyForDeploymentPostprocessing = 0;
		};
/* End PBXResourcesBuildPhase section */

/* Begin PBXSourcesBuildPhase section */
		8EDD84801A54561000F6A79D /* Sources */ = {
			isa = PBXSourcesBuildPhase;
			buildActionMask = 2147483647;
			files = (
				8EDD848C1A54561000F6A79D /* ViewController.swift in Sources */,
				8EDD848A1A54561000F6A79D /* AppDelegate.swift in Sources */,
			);
			runOnlyForDeploymentPostprocessing = 0;
		};
		8EDD84951A54561100F6A79D /* Sources */ = {
			isa = PBXSourcesBuildPhase;
			buildActionMask = 2147483647;
			files = (
				8EDD84A01A54561100F6A79D /* MyWeather_AppTests.swift in Sources */,
			);
			runOnlyForDeploymentPostprocessing = 0;
		};
/* End PBXSourcesBuildPhase section */

/* Begin PBXTargetDependency section */
		8EDD849B1A54561100F6A79D /* PBXTargetDependency */ = {
			isa = PBXTargetDependency;
			target = 8EDD84831A54561000F6A79D /* MyWeather App */;
			targetProxy = 8EDD849A1A54561100F6A79D /* PBXContainerItemProxy */;
		};
/* End PBXTargetDependency section */

/* Begin PBXVariantGroup section */
		8EDD848D1A54561000F6A79D /* Main.storyboard */ = {
			isa = PBXVariantGroup;
			children = (
				8EDD848E1A54561000F6A79D /* Base */,
			);
			name = Main.storyboard;
			sourceTree = "<group>";
		};
		8EDD84921A54561100F6A79D /* LaunchScreen.xib */ = {
			isa = PBXVariantGroup;
			children = (
				8EDD84931A54561100F6A79D /* Base */,
			);
			name = LaunchScreen.xib;
			sourceTree = "<group>";
		};
/* End PBXVariantGroup section */

/* Begin XCBuildConfiguration section */
		8EDD84A11A54561100F6A79D /* Debug */ = {
			isa = XCBuildConfiguration;
			buildSettings = {
				ALWAYS_SEARCH_USER_PATHS = NO;
				CLANG_CXX_LANGUAGE_STANDARD = "gnu++0x";
				CLANG_CXX_LIBRARY = "libc++";
				CLANG_ENABLE_MODULES = YES;
				CLANG_ENABLE_OBJC_ARC = YES;
				CLANG_WARN_BOOL_CONVERSION = YES;
				CLANG_WARN_CONSTANT_CONVERSION = YES;
				CLANG_WARN_DIRECT_OBJC_ISA_USAGE = YES_ERROR;
				CLANG_WARN_EMPTY_BODY = YES;
				CLANG_WARN_ENUM_CONVERSION = YES;
				CLANG_WARN_INT_CONVERSION = YES;
				CLANG_WARN_OBJC_ROOT_CLASS = YES_ERROR;
				CLANG_WARN_UNREACHABLE_CODE = YES;
				CLANG_WARN__DUPLICATE_METHOD_MATCH = YES;
				"CODE_SIGN_IDENTITY[sdk=iphoneos*]" = "iPhone Developer";
				COPY_PHASE_STRIP = NO;
				ENABLE_STRICT_OBJC_MSGSEND = YES;
				GCC_C_LANGUAGE_STANDARD = gnu99;
				GCC_DYNAMIC_NO_PIC = NO;
				GCC_OPTIMIZATION_LEVEL = 0;
				GCC_PREPROCESSOR_DEFINITIONS = (
					"DEBUG=1",
					"$(inherited)",
				);
				GCC_SYMBOLS_PRIVATE_EXTERN = NO;
				GCC_WARN_64_TO_32_BIT_CONVERSION = YES;
				GCC_WARN_ABOUT_RETURN_TYPE = YES_ERROR;
				GCC_WARN_UNDECLARED_SELECTOR = YES;
				GCC_WARN_UNINITIALIZED_AUTOS = YES_AGGRESSIVE;
				GCC_WARN_UNUSED_FUNCTION = YES;
				GCC_WARN_UNUSED_VARIABLE = YES;
				IPHONEOS_DEPLOYMENT_TARGET = 8.1;
				MTL_ENABLE_DEBUG_INFO = YES;
				ONLY_ACTIVE_ARCH = YES;
				SDKROOT = iphoneos;
				SWIFT_OPTIMIZATION_LEVEL = "-Onone";
			};
			name = Debug;
		};
		8EDD84A21A54561100F6A79D /* Release */ = {
			isa = XCBuildConfiguration;
			buildSettings = {
				ALWAYS_SEARCH_USER_PATHS = NO;
				CLANG_CXX_LANGUAGE_STANDARD = "gnu++0x";
				CLANG_CXX_LIBRARY = "libc++";
				CLANG_ENABLE_MODULES = YES;
				CLANG_ENABLE_OBJC_ARC = YES;
				CLANG_WARN_BOOL_CONVERSION = YES;
				CLANG_WARN_CONSTANT_CONVERSION = YES;
				CLANG_WARN_DIRECT_OBJC_ISA_USAGE = YES_ERROR;
				CLANG_WARN_EMPTY_BODY = YES;
				CLANG_WARN_ENUM_CONVERSION = YES;
				CLANG_WARN_INT_CONVERSION = YES;
				CLANG_WARN_OBJC_ROOT_CLASS = YES_ERROR;
				CLANG_WARN_UNREACHABLE_CODE = YES;
				CLANG_WARN__DUPLICATE_METHOD_MATCH = YES;
				"CODE_SIGN_IDENTITY[sdk=iphoneos*]" = "iPhone Developer";
				COPY_PHASE_STRIP = YES;
				ENABLE_NS_ASSERTIONS = NO;
				ENABLE_STRICT_OBJC_MSGSEND = YES;
				GCC_C_LANGUAGE_STANDARD = gnu99;
				GCC_WARN_64_TO_32_BIT_CONVERSION = YES;
				GCC_WARN_ABOUT_RETURN_TYPE = YES_ERROR;
				GCC_WARN_UNDECLARED_SELECTOR = YES;
				GCC_WARN_UNINITIALIZED_AUTOS = YES_AGGRESSIVE;
				GCC_WARN_UNUSED_FUNCTION = YES;
				GCC_WARN_UNUSED_VARIABLE = YES;
				IPHONEOS_DEPLOYMENT_TARGET = 8.1;
				MTL_ENABLE_DEBUG_INFO = NO;
				SDKROOT = iphoneos;
				VALIDATE_PRODUCT = YES;
			};
			name = Release;
		};
		8EDD84A41A54561100F6A79D /* Debug */ = {
			isa = XCBuildConfiguration;
			buildSettings = {
				ASSETCATALOG_COMPILER_APPICON_NAME = AppIcon;
				INFOPLIST_FILE = "MyWeather App/Info.plist";
				LD_RUNPATH_SEARCH_PATHS = "$(inherited) @executable_path/Frameworks";
				PRODUCT_NAME = "$(TARGET_NAME)";
			};
			name = Debug;
		};
		8EDD84A51A54561100F6A79D /* Release */ = {
			isa = XCBuildConfiguration;
			buildSettings = {
				ASSETCATALOG_COMPILER_APPICON_NAME = AppIcon;
				INFOPLIST_FILE = "MyWeather App/Info.plist";
				LD_RUNPATH_SEARCH_PATHS = "$(inherited) @executable_path/Frameworks";
				PRODUCT_NAME = "$(TARGET_NAME)";
			};
			name = Release;
		};
		8EDD84A71A54561100F6A79D /* Debug */ = {
			isa = XCBuildConfiguration;
			buildSettings = {
				BUNDLE_LOADER = "$(TEST_HOST)";
				FRAMEWORK_SEARCH_PATHS = (
					"$(SDKROOT)/Developer/Library/Frameworks",
					"$(inherited)",
				);
				GCC_PREPROCESSOR_DEFINITIONS = (
					"DEBUG=1",
					"$(inherited)",
				);
				INFOPLIST_FILE = "MyWeather AppTests/Info.plist";
				LD_RUNPATH_SEARCH_PATHS = "$(inherited) @executable_path/Frameworks @loader_path/Frameworks";
				PRODUCT_NAME = "$(TARGET_NAME)";
				TEST_HOST = "$(BUILT_PRODUCTS_DIR)/MyWeather App.app/MyWeather App";
			};
			name = Debug;
		};
		8EDD84A81A54561100F6A79D /* Release */ = {
			isa = XCBuildConfiguration;
			buildSettings = {
				BUNDLE_LOADER = "$(TEST_HOST)";
				FRAMEWORK_SEARCH_PATHS = (
					"$(SDKROOT)/Developer/Library/Frameworks",
					"$(inherited)",
				);
				INFOPLIST_FILE = "MyWeather AppTests/Info.plist";
				LD_RUNPATH_SEARCH_PATHS = "$(inherited) @executable_path/Frameworks @loader_path/Frameworks";
				PRODUCT_NAME = "$(TARGET_NAME)";
				TEST_HOST = "$(BUILT_PRODUCTS_DIR)/MyWeather App.app/MyWeather App";
			};
			name = Release;
		};
/* End XCBuildConfiguration section */

/* Begin XCConfigurationList section */
		8EDD847F1A54561000F6A79D /* Build configuration list for PBXProject "MyWeather App" */ = {
			isa = XCConfigurationList;
			buildConfigurations = (
				8EDD84A11A54561100F6A79D /* Debug */,
				8EDD84A21A54561100F6A79D /* Release */,
			);
			defaultConfigurationIsVisible = 0;
			defaultConfigurationName = Release;
		};
		8EDD84A31A54561100F6A79D /* Build configuration list for PBXNativeTarget "MyWeather App" */ = {
			isa = XCConfigurationList;
			buildConfigurations = (
				8EDD84A41A54561100F6A79D /* Debug */,
				8EDD84A51A54561100F6A79D /* Release */,
			);
			defaultConfigurationIsVisible = 0;
		};
		8EDD84A61A54561100F6A79D /* Build configuration list for PBXNativeTarget "MyWeather AppTests" */ = {
			isa = XCConfigurationList;
			buildConfigurations = (
				8EDD84A71A54561100F6A79D /* Debug */,
				8EDD84A81A54561100F6A79D /* Release */,
			);
			defaultConfigurationIsVisible = 0;
		};
/* End XCConfigurationList section */
	};
	rootObject = 8EDD847C1A54561000F6A79D /* Project object */;
}
